
Microsoft Visual Studio Solution File, Format Version 12.00
# Visual Studio Version 16
VisualStudioVersion = 16.0.30011.22
MinimumVisualStudioVersion = 10.0.40219.1
Project("{FAE04EC0-301F-11D3-BF4B-00C04F79EFBC}") = "Enviame", "Enviame\Enviame.csproj", "{EB00145E-462D-4F84-B437-E48627A4FD5A}"
EndProject
Global
	GlobalSection(SolutionConfigurationPlatforms) = preSolution
		Debug|Any CPU = Debug|Any CPU
		Release|Any CPU = Release|Any CPU
	EndGlobalSection
	GlobalSection(ProjectConfigurationPlatforms) = postSolution
		{EB00145E-462D-4F84-B437-E48627A4FD5A}.Debug|Any CPU.ActiveCfg = Debug|Any CPU
		{EB00145E-462D-4F84-B437-E48627A4FD5A}.Debug|Any CPU.Build.0 = Debug|Any CPU
		{EB00145E-462D-4F84-B437-E48627A4FD5A}.Release|Any CPU.ActiveCfg = Release|Any CPU
		{EB00145E-462D-4F84-B437-E48627A4FD5A}.Release|Any CPU.Build.0 = Release|Any CPU
	EndGlobalSection
	GlobalSection(SolutionProperties) = preSolution
		HideSolutionNode = FALSE
	EndGlobalSection
	GlobalSection(ExtensibilityGlobals) = postSolution
		SolutionGuid = {4A3E932B-38AA-4A0B-BA74-B2C1A21AE1BC}
	EndGlobalSection
EndGlobal
